
Microsoft Visual Studio Solution File, Format Version 12.00
# Visual Studio Version 17
VisualStudioVersion = 17.4.33205.214
MinimumVisualStudioVersion = 10.0.40219.1
Project("{8BC9CEB8-8B4A-11D0-8D11-00A0C91BC942}") = "Asteroids_GAME", "Asteroids_GAME.vcxproj", "{EEB2B4F5-9712-43AC-BADE-8EB9E6A644D8}"
EndProject
Global
	GlobalSection(SolutionConfigurationPlatforms) = preSolution
		Debug|x64 = Debug|x64
		Debug|x86 = Debug|x86
		Release|x64 = Release|x64
		Release|x86 = Release|x86
	EndGlobalSection
	GlobalSection(ProjectConfigurationPlatforms) = postSolution
		{EEB2B4F5-9712-43AC-BADE-8EB9E6A644D8}.Debug|x64.ActiveCfg = Debug|x64
		{EEB2B4F5-9712-43AC-BADE-8EB9E6A644D8}.Debug|x64.Build.0 = Debug|x64
		{EEB2B4F5-9712-43AC-BADE-8EB9E6A644D8}.Debug|x86.ActiveCfg = Debug|Win32
		{EEB2B4F5-9712-43AC-BADE-8EB9E6A644D8}.Debug|x86.Build.0 = Debug|Win32
		{EEB2B4F5-9712-43AC-BADE-8EB9E6A644D8}.Release|x64.ActiveCfg = Release|x64
		{EEB2B4F5-9712-43AC-BADE-8EB9E6A644D8}.Release|x64.Build.0 = Release|x64
		{EEB2B4F5-9712-43AC-BADE-8EB9E6A644D8}.Release|x86.ActiveCfg = Release|Win32
		{EEB2B4F5-9712-43AC-BADE-8EB9E6A644D8}.Release|x86.Build.0 = Release|Win32
	EndGlobalSection
	GlobalSection(SolutionProperties) = preSolution
		HideSolutionNode = FALSE
	EndGlobalSection
	GlobalSection(ExtensibilityGlobals) = postSolution
		SolutionGuid = {CBFB9495-6D9E-49FF-BB86-AA5E963A5069}
	EndGlobalSection
EndGlobal
